// !$*UTF8*$!
{
	archiveVersion = 1;
	classes = {
	};
	objectVersion = 48;
	objects = {

/* Begin PBXBuildFile section */
		420AE3DB2069823400A24AD5 /* AppDelegate.swift in Sources */ = {isa = PBXBuildFile; fileRef = 420AE3DA2069823400A24AD5 /* AppDelegate.swift */; };
		420AE3DD2069823400A24AD5 /* BaseViewController.swift in Sources */ = {isa = PBXBuildFile; fileRef = 420AE3DC2069823400A24AD5 /* BaseViewController.swift */; };
		420AE3E02069823400A24AD5 /* Main.storyboard in Resources */ = {isa = PBXBuildFile; fileRef = 420AE3DE2069823400A24AD5 /* Main.storyboard */; };
		420AE3E32069823400A24AD5 /* footwin.xcdatamodeld in Sources */ = {isa = PBXBuildFile; fileRef = 420AE3E12069823400A24AD5 /* footwin.xcdatamodeld */; };
		420AE3E52069823400A24AD5 /* Assets.xcassets in Resources */ = {isa = PBXBuildFile; fileRef = 420AE3E42069823400A24AD5 /* Assets.xcassets */; };
		420AE3E82069823400A24AD5 /* LaunchScreen.storyboard in Resources */ = {isa = PBXBuildFile; fileRef = 420AE3E62069823400A24AD5 /* LaunchScreen.storyboard */; };
		420E117820860F4800E4642D /* LoadingViewController.swift in Sources */ = {isa = PBXBuildFile; fileRef = 420E117720860F4800E4642D /* LoadingViewController.swift */; };
		420E117A20861FB000E4642D /* GoogleService-Info.plist in Resources */ = {isa = PBXBuildFile; fileRef = 420E117920861FB000E4642D /* GoogleService-Info.plist */; };
		420E117D20861FD600E4642D /* StoreKit.framework in Frameworks */ = {isa = PBXBuildFile; fileRef = 420E117C20861FD600E4642D /* StoreKit.framework */; };
		420E117F208628C800E4642D /* CountryViewController.swift in Sources */ = {isa = PBXBuildFile; fileRef = 420E117E208628C800E4642D /* CountryViewController.swift */; };
		420E11822086293300E4642D /* CountryTableViewCell.swift in Sources */ = {isa = PBXBuildFile; fileRef = 420E11802086293300E4642D /* CountryTableViewCell.swift */; };
		420E11832086293300E4642D /* CountryTableViewCell.xib in Resources */ = {isa = PBXBuildFile; fileRef = 420E11812086293300E4642D /* CountryTableViewCell.xib */; };
		423CCFC3208A87FC002E8115 /* ArticleSource.swift in Sources */ = {isa = PBXBuildFile; fileRef = 423CCFC2208A87FC002E8115 /* ArticleSource.swift */; };
		423CCFC5208A8852002E8115 /* Articles.swift in Sources */ = {isa = PBXBuildFile; fileRef = 423CCFC4208A8852002E8115 /* Articles.swift */; };
		423EDE082084E02300865F6D /* LeaderboardTableViewCell.swift in Sources */ = {isa = PBXBuildFile; fileRef = 423EDE062084E02300865F6D /* LeaderboardTableViewCell.swift */; };
		423EDE092084E02300865F6D /* LeaderboardTableViewCell.xib in Resources */ = {isa = PBXBuildFile; fileRef = 423EDE072084E02300865F6D /* LeaderboardTableViewCell.xib */; };
		423EDE0B2084E3DD00865F6D /* Leaderboard.swift in Sources */ = {isa = PBXBuildFile; fileRef = 423EDE0A2084E3DD00865F6D /* Leaderboard.swift */; };
		423EDE0E2085499000865F6D /* MyPredictionTableViewCell.swift in Sources */ = {isa = PBXBuildFile; fileRef = 423EDE0C2085499000865F6D /* MyPredictionTableViewCell.swift */; };
		423EDE0F2085499000865F6D /* MyPredictionTableViewCell.xib in Resources */ = {isa = PBXBuildFile; fileRef = 423EDE0D2085499000865F6D /* MyPredictionTableViewCell.xib */; };
		42419F602084AE6600A6F19D /* CountingProcess.swift in Sources */ = {isa = PBXBuildFile; fileRef = 42419F5F2084AE6600A6F19D /* CountingProcess.swift */; };
		42419F632084C92700A6F19D /* NewsTableViewCell.swift in Sources */ = {isa = PBXBuildFile; fileRef = 42419F612084C92700A6F19D /* NewsTableViewCell.swift */; };
		42419F642084C92700A6F19D /* NewsTableViewCell.xib in Resources */ = {isa = PBXBuildFile; fileRef = 42419F622084C92700A6F19D /* NewsTableViewCell.xib */; };
		4255326B20D064FE000C1323 /* InMobiSDK.framework in Frameworks */ = {isa = PBXBuildFile; fileRef = 4255326A20D064FE000C1323 /* InMobiSDK.framework */; };
		425B77FC207CA6E90083D084 /* LoginViewController.swift in Sources */ = {isa = PBXBuildFile; fileRef = 425B77FB207CA6E90083D084 /* LoginViewController.swift */; };
		425B77FE207CA6F60083D084 /* ForgotPasswordViewController.swift in Sources */ = {isa = PBXBuildFile; fileRef = 425B77FD207CA6F60083D084 /* ForgotPasswordViewController.swift */; };
		425B7800207CA7190083D084 /* SignupViewController.swift in Sources */ = {isa = PBXBuildFile; fileRef = 425B77FF207CA7190083D084 /* SignupViewController.swift */; };
		425B7806207CA7690083D084 /* PredictViewController.swift in Sources */ = {isa = PBXBuildFile; fileRef = 425B7805207CA7690083D084 /* PredictViewController.swift */; };
		425B7808207CA7750083D084 /* NewsViewController.swift in Sources */ = {isa = PBXBuildFile; fileRef = 425B7807207CA7750083D084 /* NewsViewController.swift */; };
		425B780A207CA7880083D084 /* LeaderboardViewController.swift in Sources */ = {isa = PBXBuildFile; fileRef = 425B7809207CA7880083D084 /* LeaderboardViewController.swift */; };
		425B780C207CA7950083D084 /* ProfileViewController.swift in Sources */ = {isa = PBXBuildFile; fileRef = 425B780B207CA7950083D084 /* ProfileViewController.swift */; };
		425B780E207CA7A90083D084 /* NotificationsViewController.swift in Sources */ = {isa = PBXBuildFile; fileRef = 425B780D207CA7A90083D084 /* NotificationsViewController.swift */; };
		425B7810207CA7B90083D084 /* EditProfileViewController.swift in Sources */ = {isa = PBXBuildFile; fileRef = 425B780F207CA7B90083D084 /* EditProfileViewController.swift */; };
		425B7812207CA7C40083D084 /* ChangePasswordViewController.swift in Sources */ = {isa = PBXBuildFile; fileRef = 425B7811207CA7C40083D084 /* ChangePasswordViewController.swift */; };
		425B7814207CA7FC0083D084 /* CoinStashViewController.swift in Sources */ = {isa = PBXBuildFile; fileRef = 425B7813207CA7FC0083D084 /* CoinStashViewController.swift */; };
		425B7816207CA81E0083D084 /* NewsDetailViewController.swift in Sources */ = {isa = PBXBuildFile; fileRef = 425B7815207CA81E0083D084 /* NewsDetailViewController.swift */; };
		425B7818207CA83E0083D084 /* WebViewController.swift in Sources */ = {isa = PBXBuildFile; fileRef = 425B7817207CA83E0083D084 /* WebViewController.swift */; };
		425B781A207CA84F0083D084 /* MyPredictionsViewController.swift in Sources */ = {isa = PBXBuildFile; fileRef = 425B7819207CA84F0083D084 /* MyPredictionsViewController.swift */; };
		425B7826207CAB520083D084 /* SourceSansPro-Bold.ttf in Resources */ = {isa = PBXBuildFile; fileRef = 425B7822207CAABA0083D084 /* SourceSansPro-Bold.ttf */; };
		425B7827207CAB520083D084 /* SourceSansPro-Light.ttf in Resources */ = {isa = PBXBuildFile; fileRef = 425B7824207CAABB0083D084 /* SourceSansPro-Light.ttf */; };
		425B7828207CAB520083D084 /* SourceSansPro-Regular.ttf in Resources */ = {isa = PBXBuildFile; fileRef = 425B7823207CAABB0083D084 /* SourceSansPro-Regular.ttf */; };
		425B7829207CAB520083D084 /* SourceSansPro-SemiBold.ttf in Resources */ = {isa = PBXBuildFile; fileRef = 425B7825207CAABB0083D084 /* SourceSansPro-SemiBold.ttf */; };
		425B782B207CABDA0083D084 /* Extensions.swift in Sources */ = {isa = PBXBuildFile; fileRef = 425B782A207CABDA0083D084 /* Extensions.swift */; };
		425B782D207CABE20083D084 /* Alamofire+Synchronous.swift in Sources */ = {isa = PBXBuildFile; fileRef = 425B782C207CABE20083D084 /* Alamofire+Synchronous.swift */; };
		425B782F207CABEC0083D084 /* Services.swift in Sources */ = {isa = PBXBuildFile; fileRef = 425B782E207CABEC0083D084 /* Services.swift */; };
		425B7831207CABFC0083D084 /* AppDefaults.swift in Sources */ = {isa = PBXBuildFile; fileRef = 425B7830207CABFC0083D084 /* AppDefaults.swift */; };
		425B7833207CAC190083D084 /* Localization.swift in Sources */ = {isa = PBXBuildFile; fileRef = 425B7832207CAC190083D084 /* Localization.swift */; };
		425B7836207CACCB0083D084 /* User.swift in Sources */ = {isa = PBXBuildFile; fileRef = 425B7835207CACCB0083D084 /* User.swift */; };
		425B7838207CBAF30083D084 /* Package.swift in Sources */ = {isa = PBXBuildFile; fileRef = 425B7837207CBAF30083D084 /* Package.swift */; };
		425B783A207CBB000083D084 /* Country.swift in Sources */ = {isa = PBXBuildFile; fileRef = 425B7839207CBB000083D084 /* Country.swift */; };
		425B783C207CBB0B0083D084 /* Match.swift in Sources */ = {isa = PBXBuildFile; fileRef = 425B783B207CBB0B0083D084 /* Match.swift */; };
		425B783E207CBB1D0083D084 /* News.swift in Sources */ = {isa = PBXBuildFile; fileRef = 425B783D207CBB1D0083D084 /* News.swift */; };
		425B7840207CBB300083D084 /* Notification.swift in Sources */ = {isa = PBXBuildFile; fileRef = 425B783F207CBB300083D084 /* Notification.swift */; };
		425B7842207CBB490083D084 /* Prediction.swift in Sources */ = {isa = PBXBuildFile; fileRef = 425B7841207CBB490083D084 /* Prediction.swift */; };
		425B7844207CBB590083D084 /* Team.swift in Sources */ = {isa = PBXBuildFile; fileRef = 425B7843207CBB590083D084 /* Team.swift */; };
		42700647207D69E20007793E /* TeamCollectionViewCell.swift in Sources */ = {isa = PBXBuildFile; fileRef = 42700645207D69E20007793E /* TeamCollectionViewCell.swift */; };
		42700648207D69E20007793E /* TeamCollectionViewCell.xib in Resources */ = {isa = PBXBuildFile; fileRef = 42700646207D69E20007793E /* TeamCollectionViewCell.xib */; };
		4278170C207F73D500A5A528 /* AlertView.swift in Sources */ = {isa = PBXBuildFile; fileRef = 42781708207F73D500A5A528 /* AlertView.swift */; };
		4278170D207F73D500A5A528 /* AlertView.xib in Resources */ = {isa = PBXBuildFile; fileRef = 42781709207F73D500A5A528 /* AlertView.xib */; };
		4278170E207F73D500A5A528 /* EmptyView.swift in Sources */ = {isa = PBXBuildFile; fileRef = 4278170A207F73D500A5A528 /* EmptyView.swift */; };
		4278170F207F73D500A5A528 /* EmptyView.xib in Resources */ = {isa = PBXBuildFile; fileRef = 4278170B207F73D500A5A528 /* EmptyView.xib */; };
		42781711207F8C5400A5A528 /* Objects.swift in Sources */ = {isa = PBXBuildFile; fileRef = 42781710207F8C5400A5A528 /* Objects.swift */; };
		4285EA952083233C005BE6C2 /* LoginNavigationController.swift in Sources */ = {isa = PBXBuildFile; fileRef = 4285EA942083233C005BE6C2 /* LoginNavigationController.swift */; };
		4285EA9720832397005BE6C2 /* MainNavigationController.swift in Sources */ = {isa = PBXBuildFile; fileRef = 4285EA9620832397005BE6C2 /* MainNavigationController.swift */; };
		429AF9D3208B3B8E001A3217 /* AdminViewController.swift in Sources */ = {isa = PBXBuildFile; fileRef = 429AF9D1208B3B8E001A3217 /* AdminViewController.swift */; };
		429AF9D6208B3DEF001A3217 /* Admin.storyboard in Resources */ = {isa = PBXBuildFile; fileRef = 429AF9D5208B3DEF001A3217 /* Admin.storyboard */; };
		429AF9DA208B3F64001A3217 /* AdminTableViewCell.swift in Sources */ = {isa = PBXBuildFile; fileRef = 429AF9D8208B3F64001A3217 /* AdminTableViewCell.swift */; };
		429AF9DB208B3F64001A3217 /* AdminTableViewCell.xib in Resources */ = {isa = PBXBuildFile; fileRef = 429AF9D9208B3F64001A3217 /* AdminTableViewCell.xib */; };
		429AF9DE208B59F3001A3217 /* OptionViewController.swift in Sources */ = {isa = PBXBuildFile; fileRef = 429AF9DD208B59F3001A3217 /* OptionViewController.swift */; };
		429AF9E1208B5CFC001A3217 /* MatchTableViewCell.swift in Sources */ = {isa = PBXBuildFile; fileRef = 429AF9DF208B5CFC001A3217 /* MatchTableViewCell.swift */; };
		429AF9E2208B5CFC001A3217 /* MatchTableViewCell.xib in Resources */ = {isa = PBXBuildFile; fileRef = 429AF9E0208B5CFC001A3217 /* MatchTableViewCell.xib */; };
		429AF9E4208B7379001A3217 /* AdminUser.swift in Sources */ = {isa = PBXBuildFile; fileRef = 429AF9E3208B7379001A3217 /* AdminUser.swift */; };
		429AF9E6208BE14B001A3217 /* YoutubePlayerViewController.swift in Sources */ = {isa = PBXBuildFile; fileRef = 429AF9E5208BE14B001A3217 /* YoutubePlayerViewController.swift */; };
		42B73F31207FFA89003DCB05 /* HelperView.xib in Resources */ = {isa = PBXBuildFile; fileRef = 42B73F30207FFA89003DCB05 /* HelperView.xib */; };
		42B73F33207FFA9C003DCB05 /* HelperView.swift in Sources */ = {isa = PBXBuildFile; fileRef = 42B73F32207FFA9C003DCB05 /* HelperView.swift */; };
		42B73F35207FFFC2003DCB05 /* TutorialView.swift in Sources */ = {isa = PBXBuildFile; fileRef = 42B73F34207FFFC2003DCB05 /* TutorialView.swift */; };
		42B73F37207FFFCA003DCB05 /* TutorialView.xib in Resources */ = {isa = PBXBuildFile; fileRef = 42B73F36207FFFCA003DCB05 /* TutorialView.xib */; };
		42B73F3A20800DFD003DCB05 /* PredictionTableViewCell.swift in Sources */ = {isa = PBXBuildFile; fileRef = 42B73F3820800DFD003DCB05 /* PredictionTableViewCell.swift */; };
		42B73F3B20800DFD003DCB05 /* PredictionTableViewCell.xib in Resources */ = {isa = PBXBuildFile; fileRef = 42B73F3920800DFD003DCB05 /* PredictionTableViewCell.xib */; };
		42C6F54520B3443700681A64 /* Reward.swift in Sources */ = {isa = PBXBuildFile; fileRef = 42C6F54420B3443700681A64 /* Reward.swift */; };
		42C86DEB208C79810096A3E6 /* IAPHelper.swift in Sources */ = {isa = PBXBuildFile; fileRef = 42C86DEA208C79810096A3E6 /* IAPHelper.swift */; };
		42C86DEE208CB4DD0096A3E6 /* CoinProducts.swift in Sources */ = {isa = PBXBuildFile; fileRef = 42C86DED208CB4DD0096A3E6 /* CoinProducts.swift */; };
		42F37B9D20CEB36700702B7D /* ScheduleViewController.swift in Sources */ = {isa = PBXBuildFile; fileRef = 42F37B9C20CEB36700702B7D /* ScheduleViewController.swift */; };
		42F37BA020CEB81400702B7D /* ScheduleTableViewCell.swift in Sources */ = {isa = PBXBuildFile; fileRef = 42F37B9E20CEB81400702B7D /* ScheduleTableViewCell.swift */; };
		42F37BA120CEB81400702B7D /* ScheduleTableViewCell.xib in Resources */ = {isa = PBXBuildFile; fileRef = 42F37B9F20CEB81400702B7D /* ScheduleTableViewCell.xib */; };
		42F8DE592080B50D006B3323 /* Round.swift in Sources */ = {isa = PBXBuildFile; fileRef = 42F8DE582080B50D006B3323 /* Round.swift */; };
		42F8DE5B2080B7DF006B3323 /* RulesView.xib in Resources */ = {isa = PBXBuildFile; fileRef = 42F8DE5A2080B7DF006B3323 /* RulesView.xib */; };
		42F8DE5D2080B7F0006B3323 /* RulesView.swift in Sources */ = {isa = PBXBuildFile; fileRef = 42F8DE5C2080B7F0006B3323 /* RulesView.swift */; };
		42F8DE5F2080D2C0006B3323 /* ExactScoreView.swift in Sources */ = {isa = PBXBuildFile; fileRef = 42F8DE5E2080D2C0006B3323 /* ExactScoreView.swift */; };
		42F8DE612080D2C9006B3323 /* ExactScoreView.xib in Resources */ = {isa = PBXBuildFile; fileRef = 42F8DE602080D2C9006B3323 /* ExactScoreView.xib */; };
		42F8DE642080F1C3006B3323 /* NotificationsTableViewCell.swift in Sources */ = {isa = PBXBuildFile; fileRef = 42F8DE622080F1C3006B3323 /* NotificationsTableViewCell.swift */; };
		42F8DE652080F1C3006B3323 /* NotificationsTableViewCell.xib in Resources */ = {isa = PBXBuildFile; fileRef = 42F8DE632080F1C3006B3323 /* NotificationsTableViewCell.xib */; };
		42F946D52083BB9300643EFC /* PurchaseCoins.xib in Resources */ = {isa = PBXBuildFile; fileRef = 42F946D42083BB9300643EFC /* PurchaseCoins.xib */; };
		42F946D72083BB9D00643EFC /* PurchaseCoins.swift in Sources */ = {isa = PBXBuildFile; fileRef = 42F946D62083BB9D00643EFC /* PurchaseCoins.swift */; };
		42F946DA2083C22000643EFC /* PurchaseCoinsViewCell.swift in Sources */ = {isa = PBXBuildFile; fileRef = 42F946D82083C22000643EFC /* PurchaseCoinsViewCell.swift */; };
		42F946DB2083C22000643EFC /* PurchaseCoinsViewCell.xib in Resources */ = {isa = PBXBuildFile; fileRef = 42F946D92083C22000643EFC /* PurchaseCoinsViewCell.xib */; };
		C2569F0A044CAC9A839B17A6 /* Pods_footwin.framework in Frameworks */ = {isa = PBXBuildFile; fileRef = 3DB19A8AA5D2245E1E2EDEEB /* Pods_footwin.framework */; };
/* End PBXBuildFile section */

/* Begin PBXCopyFilesBuildPhase section */
		42B73F2F207FE311003DCB05 /* Embed Frameworks */ = {
			isa = PBXCopyFilesBuildPhase;
			buildActionMask = 2147483647;
			dstPath = "";
			dstSubfolderSpec = 10;
			files = (
			);
			name = "Embed Frameworks";
			runOnlyForDeploymentPostprocessing = 0;
		};
/* End PBXCopyFilesBuildPhase section */

/* Begin PBXFileReference section */
		3DB19A8AA5D2245E1E2EDEEB /* Pods_footwin.framework */ = {isa = PBXFileReference; explicitFileType = wrapper.framework; includeInIndex = 0; path = Pods_footwin.framework; sourceTree = BUILT_PRODUCTS_DIR; };
		420AE3D72069823400A24AD5 /* footwin.app */ = {isa = PBXFileReference; explicitFileType = wrapper.application; includeInIndex = 0; path = footwin.app; sourceTree = BUILT_PRODUCTS_DIR; };
		420AE3DA2069823400A24AD5 /* AppDelegate.swift */ = {isa = PBXFileReference; lastKnownFileType = sourcecode.swift; path = AppDelegate.swift; sourceTree = "<group>"; };
		420AE3DC2069823400A24AD5 /* BaseViewController.swift */ = {isa = PBXFileReference; lastKnownFileType = sourcecode.swift; path = BaseViewController.swift; sourceTree = "<group>"; };
		420AE3DF2069823400A24AD5 /* Base */ = {isa = PBXFileReference; lastKnownFileType = file.storyboard; name = Base; path = Base.lproj/Main.storyboard; sourceTree = "<group>"; };
		420AE3E22069823400A24AD5 /* footwin.xcdatamodel */ = {isa = PBXFileReference; lastKnownFileType = wrapper.xcdatamodel; path = footwin.xcdatamodel; sourceTree = "<group>"; };
		420AE3E42069823400A24AD5 /* Assets.xcassets */ = {isa = PBXFileReference; lastKnownFileType = folder.assetcatalog; path = Assets.xcassets; sourceTree = "<group>"; };
		420AE3E72069823400A24AD5 /* Base */ = {isa = PBXFileReference; lastKnownFileType = file.storyboard; name = Base; path = Base.lproj/LaunchScreen.storyboard; sourceTree = "<group>"; };
		420AE3E92069823400A24AD5 /* Info.plist */ = {isa = PBXFileReference; lastKnownFileType = text.plist.xml; path = Info.plist; sourceTree = "<group>"; };
		420E117720860F4800E4642D /* LoadingViewController.swift */ = {isa = PBXFileReference; lastKnownFileType = sourcecode.swift; path = LoadingViewController.swift; sourceTree = "<group>"; };
		420E117920861FB000E4642D /* GoogleService-Info.plist */ = {isa = PBXFileReference; fileEncoding = 4; lastKnownFileType = text.plist.xml; path = "GoogleService-Info.plist"; sourceTree = "<group>"; };
		420E117B20861FB500E4642D /* footwin.entitlements */ = {isa = PBXFileReference; lastKnownFileType = text.plist.entitlements; path = footwin.entitlements; sourceTree = "<group>"; };
		420E117C20861FD600E4642D /* StoreKit.framework */ = {isa = PBXFileReference; lastKnownFileType = wrapper.framework; name = StoreKit.framework; path = System/Library/Frameworks/StoreKit.framework; sourceTree = SDKROOT; };
		420E117E208628C800E4642D /* CountryViewController.swift */ = {isa = PBXFileReference; lastKnownFileType = sourcecode.swift; path = CountryViewController.swift; sourceTree = "<group>"; };
		420E11802086293300E4642D /* CountryTableViewCell.swift */ = {isa = PBXFileReference; lastKnownFileType = sourcecode.swift; path = CountryTableViewCell.swift; sourceTree = "<group>"; };
		420E11812086293300E4642D /* CountryTableViewCell.xib */ = {isa = PBXFileReference; lastKnownFileType = file.xib; path = CountryTableViewCell.xib; sourceTree = "<group>"; };
		423CCFC2208A87FC002E8115 /* ArticleSource.swift */ = {isa = PBXFileReference; lastKnownFileType = sourcecode.swift; path = ArticleSource.swift; sourceTree = "<group>"; };
		423CCFC4208A8852002E8115 /* Articles.swift */ = {isa = PBXFileReference; lastKnownFileType = sourcecode.swift; path = Articles.swift; sourceTree = "<group>"; };
		423EDE062084E02300865F6D /* LeaderboardTableViewCell.swift */ = {isa = PBXFileReference; lastKnownFileType = sourcecode.swift; path = LeaderboardTableViewCell.swift; sourceTree = "<group>"; };
		423EDE072084E02300865F6D /* LeaderboardTableViewCell.xib */ = {isa = PBXFileReference; lastKnownFileType = file.xib; path = LeaderboardTableViewCell.xib; sourceTree = "<group>"; };
		423EDE0A2084E3DD00865F6D /* Leaderboard.swift */ = {isa = PBXFileReference; lastKnownFileType = sourcecode.swift; path = Leaderboard.swift; sourceTree = "<group>"; };
		423EDE0C2085499000865F6D /* MyPredictionTableViewCell.swift */ = {isa = PBXFileReference; lastKnownFileType = sourcecode.swift; path = MyPredictionTableViewCell.swift; sourceTree = "<group>"; };
		423EDE0D2085499000865F6D /* MyPredictionTableViewCell.xib */ = {isa = PBXFileReference; lastKnownFileType = file.xib; path = MyPredictionTableViewCell.xib; sourceTree = "<group>"; };
		42419F5F2084AE6600A6F19D /* CountingProcess.swift */ = {isa = PBXFileReference; lastKnownFileType = sourcecode.swift; path = CountingProcess.swift; sourceTree = "<group>"; };
		42419F612084C92700A6F19D /* NewsTableViewCell.swift */ = {isa = PBXFileReference; lastKnownFileType = sourcecode.swift; path = NewsTableViewCell.swift; sourceTree = "<group>"; };
		42419F622084C92700A6F19D /* NewsTableViewCell.xib */ = {isa = PBXFileReference; lastKnownFileType = file.xib; path = NewsTableViewCell.xib; sourceTree = "<group>"; };
		4255326A20D064FE000C1323 /* InMobiSDK.framework */ = {isa = PBXFileReference; lastKnownFileType = wrapper.framework; path = InMobiSDK.framework; sourceTree = "<group>"; };
		425B77FB207CA6E90083D084 /* LoginViewController.swift */ = {isa = PBXFileReference; lastKnownFileType = sourcecode.swift; path = LoginViewController.swift; sourceTree = "<group>"; };
		425B77FD207CA6F60083D084 /* ForgotPasswordViewController.swift */ = {isa = PBXFileReference; lastKnownFileType = sourcecode.swift; path = ForgotPasswordViewController.swift; sourceTree = "<group>"; };
		425B77FF207CA7190083D084 /* SignupViewController.swift */ = {isa = PBXFileReference; lastKnownFileType = sourcecode.swift; path = SignupViewController.swift; sourceTree = "<group>"; };
		425B7805207CA7690083D084 /* PredictViewController.swift */ = {isa = PBXFileReference; lastKnownFileType = sourcecode.swift; path = PredictViewController.swift; sourceTree = "<group>"; };
		425B7807207CA7750083D084 /* NewsViewController.swift */ = {isa = PBXFileReference; lastKnownFileType = sourcecode.swift; path = NewsViewController.swift; sourceTree = "<group>"; };
		425B7809207CA7880083D084 /* LeaderboardViewController.swift */ = {isa = PBXFileReference; lastKnownFileType = sourcecode.swift; path = LeaderboardViewController.swift; sourceTree = "<group>"; };
		425B780B207CA7950083D084 /* ProfileViewController.swift */ = {isa = PBXFileReference; lastKnownFileType = sourcecode.swift; path = ProfileViewController.swift; sourceTree = "<group>"; };
		425B780D207CA7A90083D084 /* NotificationsViewController.swift */ = {isa = PBXFileReference; lastKnownFileType = sourcecode.swift; path = NotificationsViewController.swift; sourceTree = "<group>"; };
		425B780F207CA7B90083D084 /* EditProfileViewController.swift */ = {isa = PBXFileReference; lastKnownFileType = sourcecode.swift; path = EditProfileViewController.swift; sourceTree = "<group>"; };
		425B7811207CA7C40083D084 /* ChangePasswordViewController.swift */ = {isa = PBXFileReference; lastKnownFileType = sourcecode.swift; path = ChangePasswordViewController.swift; sourceTree = "<group>"; };
		425B7813207CA7FC0083D084 /* CoinStashViewController.swift */ = {isa = PBXFileReference; lastKnownFileType = sourcecode.swift; path = CoinStashViewController.swift; sourceTree = "<group>"; };
		425B7815207CA81E0083D084 /* NewsDetailViewController.swift */ = {isa = PBXFileReference; lastKnownFileType = sourcecode.swift; path = NewsDetailViewController.swift; sourceTree = "<group>"; };
		425B7817207CA83E0083D084 /* WebViewController.swift */ = {isa = PBXFileReference; lastKnownFileType = sourcecode.swift; path = WebViewController.swift; sourceTree = "<group>"; };
		425B7819207CA84F0083D084 /* MyPredictionsViewController.swift */ = {isa = PBXFileReference; lastKnownFileType = sourcecode.swift; path = MyPredictionsViewController.swift; sourceTree = "<group>"; };
		425B7822207CAABA0083D084 /* SourceSansPro-Bold.ttf */ = {isa = PBXFileReference; lastKnownFileType = file; path = "SourceSansPro-Bold.ttf"; sourceTree = "<group>"; };
		425B7823207CAABB0083D084 /* SourceSansPro-Regular.ttf */ = {isa = PBXFileReference; lastKnownFileType = file; path = "SourceSansPro-Regular.ttf"; sourceTree = "<group>"; };
		425B7824207CAABB0083D084 /* SourceSansPro-Light.ttf */ = {isa = PBXFileReference; lastKnownFileType = file; path = "SourceSansPro-Light.ttf"; sourceTree = "<group>"; };
		425B7825207CAABB0083D084 /* SourceSansPro-SemiBold.ttf */ = {isa = PBXFileReference; lastKnownFileType = file; path = "SourceSansPro-SemiBold.ttf"; sourceTree = "<group>"; };
		425B782A207CABDA0083D084 /* Extensions.swift */ = {isa = PBXFileReference; lastKnownFileType = sourcecode.swift; path = Extensions.swift; sourceTree = "<group>"; };
		425B782C207CABE20083D084 /* Alamofire+Synchronous.swift */ = {isa = PBXFileReference; lastKnownFileType = sourcecode.swift; path = "Alamofire+Synchronous.swift"; sourceTree = "<group>"; };
		425B782E207CABEC0083D084 /* Services.swift */ = {isa = PBXFileReference; lastKnownFileType = sourcecode.swift; path = Services.swift; sourceTree = "<group>"; };
		425B7830207CABFC0083D084 /* AppDefaults.swift */ = {isa = PBXFileReference; lastKnownFileType = sourcecode.swift; path = AppDefaults.swift; sourceTree = "<group>"; };
		425B7832207CAC190083D084 /* Localization.swift */ = {isa = PBXFileReference; lastKnownFileType = sourcecode.swift; path = Localization.swift; sourceTree = "<group>"; };
		425B7835207CACCB0083D084 /* User.swift */ = {isa = PBXFileReference; lastKnownFileType = sourcecode.swift; path = User.swift; sourceTree = "<group>"; };
		425B7837207CBAF30083D084 /* Package.swift */ = {isa = PBXFileReference; lastKnownFileType = sourcecode.swift; path = Package.swift; sourceTree = "<group>"; };
		425B7839207CBB000083D084 /* Country.swift */ = {isa = PBXFileReference; lastKnownFileType = sourcecode.swift; path = Country.swift; sourceTree = "<group>"; };
		425B783B207CBB0B0083D084 /* Match.swift */ = {isa = PBXFileReference; lastKnownFileType = sourcecode.swift; path = Match.swift; sourceTree = "<group>"; };
		425B783D207CBB1D0083D084 /* News.swift */ = {isa = PBXFileReference; lastKnownFileType = sourcecode.swift; path = News.swift; sourceTree = "<group>"; };
		425B783F207CBB300083D084 /* Notification.swift */ = {isa = PBXFileReference; lastKnownFileType = sourcecode.swift; path = Notification.swift; sourceTree = "<group>"; };
		425B7841207CBB490083D084 /* Prediction.swift */ = {isa = PBXFileReference; lastKnownFileType = sourcecode.swift; path = Prediction.swift; sourceTree = "<group>"; };
		425B7843207CBB590083D084 /* Team.swift */ = {isa = PBXFileReference; lastKnownFileType = sourcecode.swift; path = Team.swift; sourceTree = "<group>"; };
		42700645207D69E20007793E /* TeamCollectionViewCell.swift */ = {isa = PBXFileReference; lastKnownFileType = sourcecode.swift; path = TeamCollectionViewCell.swift; sourceTree = "<group>"; };
		42700646207D69E20007793E /* TeamCollectionViewCell.xib */ = {isa = PBXFileReference; lastKnownFileType = file.xib; path = TeamCollectionViewCell.xib; sourceTree = "<group>"; };
		42781708207F73D500A5A528 /* AlertView.swift */ = {isa = PBXFileReference; fileEncoding = 4; lastKnownFileType = sourcecode.swift; path = AlertView.swift; sourceTree = "<group>"; };
		42781709207F73D500A5A528 /* AlertView.xib */ = {isa = PBXFileReference; fileEncoding = 4; lastKnownFileType = file.xib; path = AlertView.xib; sourceTree = "<group>"; };
		4278170A207F73D500A5A528 /* EmptyView.swift */ = {isa = PBXFileReference; fileEncoding = 4; lastKnownFileType = sourcecode.swift; path = EmptyView.swift; sourceTree = "<group>"; };
		4278170B207F73D500A5A528 /* EmptyView.xib */ = {isa = PBXFileReference; fileEncoding = 4; lastKnownFileType = file.xib; path = EmptyView.xib; sourceTree = "<group>"; };
		42781710207F8C5400A5A528 /* Objects.swift */ = {isa = PBXFileReference; lastKnownFileType = sourcecode.swift; path = Objects.swift; sourceTree = "<group>"; };
		4285EA942083233C005BE6C2 /* LoginNavigationController.swift */ = {isa = PBXFileReference; lastKnownFileType = sourcecode.swift; path = LoginNavigationController.swift; sourceTree = "<group>"; };
		4285EA9620832397005BE6C2 /* MainNavigationController.swift */ = {isa = PBXFileReference; lastKnownFileType = sourcecode.swift; path = MainNavigationController.swift; sourceTree = "<group>"; };
		429AF9D1208B3B8E001A3217 /* AdminViewController.swift */ = {isa = PBXFileReference; lastKnownFileType = sourcecode.swift; path = AdminViewController.swift; sourceTree = "<group>"; };
		429AF9D5208B3DEF001A3217 /* Admin.storyboard */ = {isa = PBXFileReference; lastKnownFileType = file.storyboard; path = Admin.storyboard; sourceTree = "<group>"; };
		429AF9D8208B3F64001A3217 /* AdminTableViewCell.swift */ = {isa = PBXFileReference; lastKnownFileType = sourcecode.swift; path = AdminTableViewCell.swift; sourceTree = "<group>"; };
		429AF9D9208B3F64001A3217 /* AdminTableViewCell.xib */ = {isa = PBXFileReference; lastKnownFileType = file.xib; path = AdminTableViewCell.xib; sourceTree = "<group>"; };
		429AF9DD208B59F3001A3217 /* OptionViewController.swift */ = {isa = PBXFileReference; lastKnownFileType = sourcecode.swift; path = OptionViewController.swift; sourceTree = "<group>"; };
		429AF9DF208B5CFC001A3217 /* MatchTableViewCell.swift */ = {isa = PBXFileReference; lastKnownFileType = sourcecode.swift; path = MatchTableViewCell.swift; sourceTree = "<group>"; };
		429AF9E0208B5CFC001A3217 /* MatchTableViewCell.xib */ = {isa = PBXFileReference; lastKnownFileType = file.xib; path = MatchTableViewCell.xib; sourceTree = "<group>"; };
		429AF9E3208B7379001A3217 /* AdminUser.swift */ = {isa = PBXFileReference; lastKnownFileType = sourcecode.swift; path = AdminUser.swift; sourceTree = "<group>"; };
		429AF9E5208BE14B001A3217 /* YoutubePlayerViewController.swift */ = {isa = PBXFileReference; lastKnownFileType = sourcecode.swift; path = YoutubePlayerViewController.swift; sourceTree = "<group>"; };
		42B73F30207FFA89003DCB05 /* HelperView.xib */ = {isa = PBXFileReference; lastKnownFileType = file.xib; path = HelperView.xib; sourceTree = "<group>"; };
		42B73F32207FFA9C003DCB05 /* HelperView.swift */ = {isa = PBXFileReference; lastKnownFileType = sourcecode.swift; path = HelperView.swift; sourceTree = "<group>"; };
		42B73F34207FFFC2003DCB05 /* TutorialView.swift */ = {isa = PBXFileReference; lastKnownFileType = sourcecode.swift; path = TutorialView.swift; sourceTree = "<group>"; };
		42B73F36207FFFCA003DCB05 /* TutorialView.xib */ = {isa = PBXFileReference; lastKnownFileType = file.xib; path = TutorialView.xib; sourceTree = "<group>"; };
		42B73F3820800DFD003DCB05 /* PredictionTableViewCell.swift */ = {isa = PBXFileReference; lastKnownFileType = sourcecode.swift; path = PredictionTableViewCell.swift; sourceTree = "<group>"; };
		42B73F3920800DFD003DCB05 /* PredictionTableViewCell.xib */ = {isa = PBXFileReference; lastKnownFileType = file.xib; path = PredictionTableViewCell.xib; sourceTree = "<group>"; };
		42C6F54420B3443700681A64 /* Reward.swift */ = {isa = PBXFileReference; lastKnownFileType = sourcecode.swift; path = Reward.swift; sourceTree = "<group>"; };
		42C86DEA208C79810096A3E6 /* IAPHelper.swift */ = {isa = PBXFileReference; lastKnownFileType = sourcecode.swift; path = IAPHelper.swift; sourceTree = "<group>"; };
		42C86DED208CB4DD0096A3E6 /* CoinProducts.swift */ = {isa = PBXFileReference; lastKnownFileType = sourcecode.swift; path = CoinProducts.swift; sourceTree = "<group>"; };
		42E323A020C07DC700976865 /* footwin-Bridging-Header.h */ = {isa = PBXFileReference; lastKnownFileType = sourcecode.c.h; path = "footwin-Bridging-Header.h"; sourceTree = "<group>"; };
		42F37B9C20CEB36700702B7D /* ScheduleViewController.swift */ = {isa = PBXFileReference; lastKnownFileType = sourcecode.swift; path = ScheduleViewController.swift; sourceTree = "<group>"; };
		42F37B9E20CEB81400702B7D /* ScheduleTableViewCell.swift */ = {isa = PBXFileReference; lastKnownFileType = sourcecode.swift; path = ScheduleTableViewCell.swift; sourceTree = "<group>"; };
		42F37B9F20CEB81400702B7D /* ScheduleTableViewCell.xib */ = {isa = PBXFileReference; lastKnownFileType = file.xib; path = ScheduleTableViewCell.xib; sourceTree = "<group>"; };
		42F8DE582080B50D006B3323 /* Round.swift */ = {isa = PBXFileReference; lastKnownFileType = sourcecode.swift; path = Round.swift; sourceTree = "<group>"; };
		42F8DE5A2080B7DF006B3323 /* RulesView.xib */ = {isa = PBXFileReference; lastKnownFileType = file.xib; path = RulesView.xib; sourceTree = "<group>"; };
		42F8DE5C2080B7F0006B3323 /* RulesView.swift */ = {isa = PBXFileReference; lastKnownFileType = sourcecode.swift; path = RulesView.swift; sourceTree = "<group>"; };
		42F8DE5E2080D2C0006B3323 /* ExactScoreView.swift */ = {isa = PBXFileReference; lastKnownFileType = sourcecode.swift; path = ExactScoreView.swift; sourceTree = "<group>"; };
		42F8DE602080D2C9006B3323 /* ExactScoreView.xib */ = {isa = PBXFileReference; lastKnownFileType = file.xib; path = ExactScoreView.xib; sourceTree = "<group>"; };
		42F8DE622080F1C3006B3323 /* NotificationsTableViewCell.swift */ = {isa = PBXFileReference; lastKnownFileType = sourcecode.swift; path = NotificationsTableViewCell.swift; sourceTree = "<group>"; };
		42F8DE632080F1C3006B3323 /* NotificationsTableViewCell.xib */ = {isa = PBXFileReference; lastKnownFileType = file.xib; path = NotificationsTableViewCell.xib; sourceTree = "<group>"; };
		42F946D42083BB9300643EFC /* PurchaseCoins.xib */ = {isa = PBXFileReference; lastKnownFileType = file.xib; path = PurchaseCoins.xib; sourceTree = "<group>"; };
		42F946D62083BB9D00643EFC /* PurchaseCoins.swift */ = {isa = PBXFileReference; lastKnownFileType = sourcecode.swift; path = PurchaseCoins.swift; sourceTree = "<group>"; };
		42F946D82083C22000643EFC /* PurchaseCoinsViewCell.swift */ = {isa = PBXFileReference; lastKnownFileType = sourcecode.swift; path = PurchaseCoinsViewCell.swift; sourceTree = "<group>"; };
		42F946D92083C22000643EFC /* PurchaseCoinsViewCell.xib */ = {isa = PBXFileReference; lastKnownFileType = file.xib; path = PurchaseCoinsViewCell.xib; sourceTree = "<group>"; };
		5C1796446543466432504A2F /* Pods-footwin.debug.xcconfig */ = {isa = PBXFileReference; includeInIndex = 1; lastKnownFileType = text.xcconfig; name = "Pods-footwin.debug.xcconfig"; path = "Pods/Target Support Files/Pods-footwin/Pods-footwin.debug.xcconfig"; sourceTree = "<group>"; };
		CCFEDE0888A30A78659561D6 /* Pods-footwin.release.xcconfig */ = {isa = PBXFileReference; includeInIndex = 1; lastKnownFileType = text.xcconfig; name = "Pods-footwin.release.xcconfig"; path = "Pods/Target Support Files/Pods-footwin/Pods-footwin.release.xcconfig"; sourceTree = "<group>"; };
/* End PBXFileReference section */

/* Begin PBXFrameworksBuildPhase section */
		420AE3D42069823400A24AD5 /* Frameworks */ = {
			isa = PBXFrameworksBuildPhase;
			buildActionMask = 2147483647;
			files = (
				C2569F0A044CAC9A839B17A6 /* Pods_footwin.framework in Frameworks */,
				420E117D20861FD600E4642D /* StoreKit.framework in Frameworks */,
				4255326B20D064FE000C1323 /* InMobiSDK.framework in Frameworks */,
			);
			runOnlyForDeploymentPostprocessing = 0;
		};
/* End PBXFrameworksBuildPhase section */

/* Begin PBXGroup section */
		420AE3CE2069823400A24AD5 = {
			isa = PBXGroup;
			children = (
				420AE3D92069823400A24AD5 /* footwin */,
				420AE3D82069823400A24AD5 /* Products */,
				E71D11D966F74706D5BF2387 /* Pods */,
				FBC08AE99A3782560D128BDB /* Frameworks */,
			);
			sourceTree = "<group>";
		};
		420AE3D82069823400A24AD5 /* Products */ = {
			isa = PBXGroup;
			children = (
				420AE3D72069823400A24AD5 /* footwin.app */,
			);
			name = Products;
			sourceTree = "<group>";
		};
		420AE3D92069823400A24AD5 /* footwin */ = {
			isa = PBXGroup;
			children = (
				420E117B20861FB500E4642D /* footwin.entitlements */,
				425B7834207CACB20083D084 /* DatabaseObjects */,
				425B7821207CAA8D0083D084 /* Fonts */,
				425B7820207CA8DC0083D084 /* Globals */,
				425B781F207CA8D50083D084 /* Cells */,
				427816FE207F3D0A00A5A528 /* Views */,
				425B77FA207CA6920083D084 /* ViewControllers */,
				420AE3DA2069823400A24AD5 /* AppDelegate.swift */,
				420AE3DE2069823400A24AD5 /* Main.storyboard */,
				420AE3E42069823400A24AD5 /* Assets.xcassets */,
				420AE3E62069823400A24AD5 /* LaunchScreen.storyboard */,
				420AE3E92069823400A24AD5 /* Info.plist */,
				420E117920861FB000E4642D /* GoogleService-Info.plist */,
				420AE3E12069823400A24AD5 /* footwin.xcdatamodeld */,
				42E323A020C07DC700976865 /* footwin-Bridging-Header.h */,
			);
			path = footwin;
			sourceTree = "<group>";
		};
		425B77FA207CA6920083D084 /* ViewControllers */ = {
			isa = PBXGroup;
			children = (
				429AF9D0208B3B5D001A3217 /* Admin */,
				425B781D207CA8B70083D084 /* News */,
				425B781C207CA89F0083D084 /* Profile */,
				425B781B207CA8850083D084 /* Initial */,
				420AE3DC2069823400A24AD5 /* BaseViewController.swift */,
				425B7805207CA7690083D084 /* PredictViewController.swift */,
				425B7809207CA7880083D084 /* LeaderboardViewController.swift */,
				425B7813207CA7FC0083D084 /* CoinStashViewController.swift */,
				4285EA9620832397005BE6C2 /* MainNavigationController.swift */,
				420E117E208628C800E4642D /* CountryViewController.swift */,
				429AF9E5208BE14B001A3217 /* YoutubePlayerViewController.swift */,
				42F37B9C20CEB36700702B7D /* ScheduleViewController.swift */,
			);
			path = ViewControllers;
			sourceTree = "<group>";
		};
		425B781B207CA8850083D084 /* Initial */ = {
			isa = PBXGroup;
			children = (
				425B77FB207CA6E90083D084 /* LoginViewController.swift */,
				425B77FD207CA6F60083D084 /* ForgotPasswordViewController.swift */,
				425B77FF207CA7190083D084 /* SignupViewController.swift */,
				4285EA942083233C005BE6C2 /* LoginNavigationController.swift */,
				420E117720860F4800E4642D /* LoadingViewController.swift */,
			);
			path = Initial;
			sourceTree = "<group>";
		};
		425B781C207CA89F0083D084 /* Profile */ = {
			isa = PBXGroup;
			children = (
				425B780B207CA7950083D084 /* ProfileViewController.swift */,
				425B780F207CA7B90083D084 /* EditProfileViewController.swift */,
				425B7811207CA7C40083D084 /* ChangePasswordViewController.swift */,
				425B7817207CA83E0083D084 /* WebViewController.swift */,
				425B7819207CA84F0083D084 /* MyPredictionsViewController.swift */,
			);
			path = Profile;
			sourceTree = "<group>";
		};
		425B781D207CA8B70083D084 /* News */ = {
			isa = PBXGroup;
			children = (
				425B7807207CA7750083D084 /* NewsViewController.swift */,
				425B7815207CA81E0083D084 /* NewsDetailViewController.swift */,
				425B780D207CA7A90083D084 /* NotificationsViewController.swift */,
			);
			path = News;
			sourceTree = "<group>";
		};
		425B781F207CA8D50083D084 /* Cells */ = {
			isa = PBXGroup;
			children = (
				42700645207D69E20007793E /* TeamCollectionViewCell.swift */,
				42700646207D69E20007793E /* TeamCollectionViewCell.xib */,
				42B73F3820800DFD003DCB05 /* PredictionTableViewCell.swift */,
				42B73F3920800DFD003DCB05 /* PredictionTableViewCell.xib */,
				42F8DE622080F1C3006B3323 /* NotificationsTableViewCell.swift */,
				42F8DE632080F1C3006B3323 /* NotificationsTableViewCell.xib */,
				42F946D82083C22000643EFC /* PurchaseCoinsViewCell.swift */,
				42F946D92083C22000643EFC /* PurchaseCoinsViewCell.xib */,
				42419F612084C92700A6F19D /* NewsTableViewCell.swift */,
				42419F622084C92700A6F19D /* NewsTableViewCell.xib */,
				423EDE062084E02300865F6D /* LeaderboardTableViewCell.swift */,
				423EDE072084E02300865F6D /* LeaderboardTableViewCell.xib */,
				423EDE0C2085499000865F6D /* MyPredictionTableViewCell.swift */,
				423EDE0D2085499000865F6D /* MyPredictionTableViewCell.xib */,
				420E11802086293300E4642D /* CountryTableViewCell.swift */,
				420E11812086293300E4642D /* CountryTableViewCell.xib */,
				42F37B9E20CEB81400702B7D /* ScheduleTableViewCell.swift */,
				42F37B9F20CEB81400702B7D /* ScheduleTableViewCell.xib */,
			);
			path = Cells;
			sourceTree = "<group>";
		};
		425B7820207CA8DC0083D084 /* Globals */ = {
			isa = PBXGroup;
			children = (
				42C86DEC208CB4A70096A3E6 /* Purchase */,
				425B782A207CABDA0083D084 /* Extensions.swift */,
				425B782C207CABE20083D084 /* Alamofire+Synchronous.swift */,
				425B782E207CABEC0083D084 /* Services.swift */,
				425B7830207CABFC0083D084 /* AppDefaults.swift */,
				425B7832207CAC190083D084 /* Localization.swift */,
				42781710207F8C5400A5A528 /* Objects.swift */,
				42419F5F2084AE6600A6F19D /* CountingProcess.swift */,
			);
			path = Globals;
			sourceTree = "<group>";
		};
		425B7821207CAA8D0083D084 /* Fonts */ = {
			isa = PBXGroup;
			children = (
				425B7822207CAABA0083D084 /* SourceSansPro-Bold.ttf */,
				425B7824207CAABB0083D084 /* SourceSansPro-Light.ttf */,
				425B7823207CAABB0083D084 /* SourceSansPro-Regular.ttf */,
				425B7825207CAABB0083D084 /* SourceSansPro-SemiBold.ttf */,
			);
			path = Fonts;
			sourceTree = "<group>";
		};
		425B7834207CACB20083D084 /* DatabaseObjects */ = {
			isa = PBXGroup;
			children = (
				423CCFC4208A8852002E8115 /* Articles.swift */,
				423CCFC2208A87FC002E8115 /* ArticleSource.swift */,
				425B7835207CACCB0083D084 /* User.swift */,
				425B7837207CBAF30083D084 /* Package.swift */,
				425B7839207CBB000083D084 /* Country.swift */,
				425B783B207CBB0B0083D084 /* Match.swift */,
				425B783D207CBB1D0083D084 /* News.swift */,
				425B783F207CBB300083D084 /* Notification.swift */,
				425B7841207CBB490083D084 /* Prediction.swift */,
				425B7843207CBB590083D084 /* Team.swift */,
				42F8DE582080B50D006B3323 /* Round.swift */,
				423EDE0A2084E3DD00865F6D /* Leaderboard.swift */,
				429AF9E3208B7379001A3217 /* AdminUser.swift */,
				42C6F54420B3443700681A64 /* Reward.swift */,
			);
			path = DatabaseObjects;
			sourceTree = "<group>";
		};
		427816FE207F3D0A00A5A528 /* Views */ = {
			isa = PBXGroup;
			children = (
				42781708207F73D500A5A528 /* AlertView.swift */,
				42781709207F73D500A5A528 /* AlertView.xib */,
				4278170A207F73D500A5A528 /* EmptyView.swift */,
				4278170B207F73D500A5A528 /* EmptyView.xib */,
				42B73F32207FFA9C003DCB05 /* HelperView.swift */,
				42B73F30207FFA89003DCB05 /* HelperView.xib */,
				42B73F34207FFFC2003DCB05 /* TutorialView.swift */,
				42B73F36207FFFCA003DCB05 /* TutorialView.xib */,
				42F8DE5C2080B7F0006B3323 /* RulesView.swift */,
				42F8DE5A2080B7DF006B3323 /* RulesView.xib */,
				42F8DE5E2080D2C0006B3323 /* ExactScoreView.swift */,
				42F8DE602080D2C9006B3323 /* ExactScoreView.xib */,
				42F946D62083BB9D00643EFC /* PurchaseCoins.swift */,
				42F946D42083BB9300643EFC /* PurchaseCoins.xib */,
			);
			path = Views;
			sourceTree = "<group>";
		};
		429AF9D0208B3B5D001A3217 /* Admin */ = {
			isa = PBXGroup;
			children = (
				429AF9DC208B59B8001A3217 /* ViewControllers */,
				429AF9D7208B3F4D001A3217 /* Cells */,
				429AF9D5208B3DEF001A3217 /* Admin.storyboard */,
			);
			path = Admin;
			sourceTree = "<group>";
		};
		429AF9D7208B3F4D001A3217 /* Cells */ = {
			isa = PBXGroup;
			children = (
				429AF9D8208B3F64001A3217 /* AdminTableViewCell.swift */,
				429AF9D9208B3F64001A3217 /* AdminTableViewCell.xib */,
				429AF9DF208B5CFC001A3217 /* MatchTableViewCell.swift */,
				429AF9E0208B5CFC001A3217 /* MatchTableViewCell.xib */,
			);
			path = Cells;
			sourceTree = "<group>";
		};
		429AF9DC208B59B8001A3217 /* ViewControllers */ = {
			isa = PBXGroup;
			children = (
				429AF9D1208B3B8E001A3217 /* AdminViewController.swift */,
				429AF9DD208B59F3001A3217 /* OptionViewController.swift */,
			);
			path = ViewControllers;
			sourceTree = "<group>";
		};
		42C86DEC208CB4A70096A3E6 /* Purchase */ = {
			isa = PBXGroup;
			children = (
				42C86DEA208C79810096A3E6 /* IAPHelper.swift */,
				42C86DED208CB4DD0096A3E6 /* CoinProducts.swift */,
			);
			path = Purchase;
			sourceTree = "<group>";
		};
		E71D11D966F74706D5BF2387 /* Pods */ = {
			isa = PBXGroup;
			children = (
				5C1796446543466432504A2F /* Pods-footwin.debug.xcconfig */,
				CCFEDE0888A30A78659561D6 /* Pods-footwin.release.xcconfig */,
			);
			name = Pods;
			sourceTree = "<group>";
		};
		FBC08AE99A3782560D128BDB /* Frameworks */ = {
			isa = PBXGroup;
			children = (
				4255326A20D064FE000C1323 /* InMobiSDK.framework */,
				420E117C20861FD600E4642D /* StoreKit.framework */,
				3DB19A8AA5D2245E1E2EDEEB /* Pods_footwin.framework */,
			);
			name = Frameworks;
			sourceTree = "<group>";
		};
/* End PBXGroup section */

/* Begin PBXNativeTarget section */
		420AE3D62069823400A24AD5 /* footwin */ = {
			isa = PBXNativeTarget;
			buildConfigurationList = 420AE3EC2069823400A24AD5 /* Build configuration list for PBXNativeTarget "footwin" */;
			buildPhases = (
				C1CBD99EBB06D2F24375E214 /* [CP] Check Pods Manifest.lock */,
				420AE3D32069823400A24AD5 /* Sources */,
				420AE3D42069823400A24AD5 /* Frameworks */,
				420AE3D52069823400A24AD5 /* Resources */,
				28DA61C343CC30FE2618BD24 /* [CP] Embed Pods Frameworks */,
				42B73F2F207FE311003DCB05 /* Embed Frameworks */,
			);
			buildRules = (
			);
			dependencies = (
			);
			name = footwin;
			productName = footwin;
			productReference = 420AE3D72069823400A24AD5 /* footwin.app */;
			productType = "com.apple.product-type.application";
		};
/* End PBXNativeTarget section */

/* Begin PBXProject section */
		420AE3CF2069823400A24AD5 /* Project object */ = {
			isa = PBXProject;
			attributes = {
				LastSwiftUpdateCheck = 0910;
				LastUpgradeCheck = 0910;
				ORGANIZATIONNAME = "we-devapp";
				TargetAttributes = {
					420AE3D62069823400A24AD5 = {
						CreatedOnToolsVersion = 9.1;
						ProvisioningStyle = Automatic;
						SystemCapabilities = {
							com.apple.BackgroundModes = {
								enabled = 1;
							};
							com.apple.InAppPurchase = {
								enabled = 1;
							};
							com.apple.Push = {
								enabled = 1;
							};
						};
					};
				};
			};
			buildConfigurationList = 420AE3D22069823400A24AD5 /* Build configuration list for PBXProject "footwin" */;
			compatibilityVersion = "Xcode 8.0";
			developmentRegion = en;
			hasScannedForEncodings = 0;
			knownRegions = (
				en,
				Base,
			);
			mainGroup = 420AE3CE2069823400A24AD5;
			productRefGroup = 420AE3D82069823400A24AD5 /* Products */;
			projectDirPath = "";
			projectRoot = "";
			targets = (
				420AE3D62069823400A24AD5 /* footwin */,
			);
		};
/* End PBXProject section */

/* Begin PBXResourcesBuildPhase section */
		420AE3D52069823400A24AD5 /* Resources */ = {
			isa = PBXResourcesBuildPhase;
			buildActionMask = 2147483647;
			files = (
				42F946D52083BB9300643EFC /* PurchaseCoins.xib in Resources */,
				4278170D207F73D500A5A528 /* AlertView.xib in Resources */,
				425B7826207CAB520083D084 /* SourceSansPro-Bold.ttf in Resources */,
				42B73F31207FFA89003DCB05 /* HelperView.xib in Resources */,
				42700648207D69E20007793E /* TeamCollectionViewCell.xib in Resources */,
				42B73F37207FFFCA003DCB05 /* TutorialView.xib in Resources */,
				42F8DE612080D2C9006B3323 /* ExactScoreView.xib in Resources */,
				420E11832086293300E4642D /* CountryTableViewCell.xib in Resources */,
				425B7827207CAB520083D084 /* SourceSansPro-Light.ttf in Resources */,
				42F8DE5B2080B7DF006B3323 /* RulesView.xib in Resources */,
				4278170F207F73D500A5A528 /* EmptyView.xib in Resources */,
				425B7828207CAB520083D084 /* SourceSansPro-Regular.ttf in Resources */,
				425B7829207CAB520083D084 /* SourceSansPro-SemiBold.ttf in Resources */,
				423EDE0F2085499000865F6D /* MyPredictionTableViewCell.xib in Resources */,
				42F946DB2083C22000643EFC /* PurchaseCoinsViewCell.xib in Resources */,
				429AF9DB208B3F64001A3217 /* AdminTableViewCell.xib in Resources */,
				42F37BA120CEB81400702B7D /* ScheduleTableViewCell.xib in Resources */,
				423EDE092084E02300865F6D /* LeaderboardTableViewCell.xib in Resources */,
				429AF9D6208B3DEF001A3217 /* Admin.storyboard in Resources */,
				42B73F3B20800DFD003DCB05 /* PredictionTableViewCell.xib in Resources */,
				42F8DE652080F1C3006B3323 /* NotificationsTableViewCell.xib in Resources */,
				420AE3E82069823400A24AD5 /* LaunchScreen.storyboard in Resources */,
				420AE3E52069823400A24AD5 /* Assets.xcassets in Resources */,
				420E117A20861FB000E4642D /* GoogleService-Info.plist in Resources */,
				429AF9E2208B5CFC001A3217 /* MatchTableViewCell.xib in Resources */,
				42419F642084C92700A6F19D /* NewsTableViewCell.xib in Resources */,
				420AE3E02069823400A24AD5 /* Main.storyboard in Resources */,
			);
			runOnlyForDeploymentPostprocessing = 0;
		};
/* End PBXResourcesBuildPhase section */

/* Begin PBXShellScriptBuildPhase section */
		28DA61C343CC30FE2618BD24 /* [CP] Embed Pods Frameworks */ = {
			isa = PBXShellScriptBuildPhase;
			buildActionMask = 2147483647;
			files = (
			);
			inputPaths = (
				"${SRCROOT}/Pods/Target Support Files/Pods-footwin/Pods-footwin-frameworks.sh",
				"${BUILT_PRODUCTS_DIR}/Alamofire/Alamofire.framework",
				"${BUILT_PRODUCTS_DIR}/Bolts/Bolts.framework",
				"${BUILT_PRODUCTS_DIR}/CircleProgressView/CircleProgressView.framework",
				"${BUILT_PRODUCTS_DIR}/CountdownLabel/CountdownLabel.framework",
				"${BUILT_PRODUCTS_DIR}/FBSDKCoreKit/FBSDKCoreKit.framework",
				"${BUILT_PRODUCTS_DIR}/FBSDKLoginKit/FBSDKLoginKit.framework",
				"${BUILT_PRODUCTS_DIR}/FSPagerView/FSPagerView.framework",
				"${BUILT_PRODUCTS_DIR}/GoogleToolboxForMac/GoogleToolboxForMac.framework",
				"${BUILT_PRODUCTS_DIR}/Kingfisher/Kingfisher.framework",
				"${BUILT_PRODUCTS_DIR}/NVActivityIndicatorView/NVActivityIndicatorView.framework",
				"${BUILT_PRODUCTS_DIR}/ObjectMapper/ObjectMapper.framework",
				"${BUILT_PRODUCTS_DIR}/Protobuf/Protobuf.framework",
				"${BUILT_PRODUCTS_DIR}/SwiftyJSON/SwiftyJSON.framework",
				"${BUILT_PRODUCTS_DIR}/nanopb/nanopb.framework",
				"${BUILT_PRODUCTS_DIR}/youtube-ios-player-helper/youtube_ios_player_helper.framework",
			);
			name = "[CP] Embed Pods Frameworks";
			outputPaths = (
				"${TARGET_BUILD_DIR}/${FRAMEWORKS_FOLDER_PATH}/Alamofire.framework",
				"${TARGET_BUILD_DIR}/${FRAMEWORKS_FOLDER_PATH}/Bolts.framework",
				"${TARGET_BUILD_DIR}/${FRAMEWORKS_FOLDER_PATH}/CircleProgressView.framework",
				"${TARGET_BUILD_DIR}/${FRAMEWORKS_FOLDER_PATH}/CountdownLabel.framework",
				"${TARGET_BUILD_DIR}/${FRAMEWORKS_FOLDER_PATH}/FBSDKCoreKit.framework",
				"${TARGET_BUILD_DIR}/${FRAMEWORKS_FOLDER_PATH}/FBSDKLoginKit.framework",
				"${TARGET_BUILD_DIR}/${FRAMEWORKS_FOLDER_PATH}/FSPagerView.framework",
				"${TARGET_BUILD_DIR}/${FRAMEWORKS_FOLDER_PATH}/GoogleToolboxForMac.framework",
				"${TARGET_BUILD_DIR}/${FRAMEWORKS_FOLDER_PATH}/Kingfisher.framework",
				"${TARGET_BUILD_DIR}/${FRAMEWORKS_FOLDER_PATH}/NVActivityIndicatorView.framework",
				"${TARGET_BUILD_DIR}/${FRAMEWORKS_FOLDER_PATH}/ObjectMapper.framework",
				"${TARGET_BUILD_DIR}/${FRAMEWORKS_FOLDER_PATH}/Protobuf.framework",
				"${TARGET_BUILD_DIR}/${FRAMEWORKS_FOLDER_PATH}/SwiftyJSON.framework",
				"${TARGET_BUILD_DIR}/${FRAMEWORKS_FOLDER_PATH}/nanopb.framework",
				"${TARGET_BUILD_DIR}/${FRAMEWORKS_FOLDER_PATH}/youtube_ios_player_helper.framework",
			);
			runOnlyForDeploymentPostprocessing = 0;
			shellPath = /bin/sh;
			shellScript = "\"${SRCROOT}/Pods/Target Support Files/Pods-footwin/Pods-footwin-frameworks.sh\"\n";
			showEnvVarsInLog = 0;
		};
		C1CBD99EBB06D2F24375E214 /* [CP] Check Pods Manifest.lock */ = {
			isa = PBXShellScriptBuildPhase;
			buildActionMask = 2147483647;
			files = (
			);
			inputPaths = (
				"${PODS_PODFILE_DIR_PATH}/Podfile.lock",
				"${PODS_ROOT}/Manifest.lock",
			);
			name = "[CP] Check Pods Manifest.lock";
			outputPaths = (
				"$(DERIVED_FILE_DIR)/Pods-footwin-checkManifestLockResult.txt",
			);
			runOnlyForDeploymentPostprocessing = 0;
			shellPath = /bin/sh;
			shellScript = "diff \"${PODS_PODFILE_DIR_PATH}/Podfile.lock\" \"${PODS_ROOT}/Manifest.lock\" > /dev/null\nif [ $? != 0 ] ; then\n    # print error to STDERR\n    echo \"error: The sandbox is not in sync with the Podfile.lock. Run 'pod install' or update your CocoaPods installation.\" >&2\n    exit 1\nfi\n# This output is used by Xcode 'outputs' to avoid re-running this script phase.\necho \"SUCCESS\" > \"${SCRIPT_OUTPUT_FILE_0}\"\n";
			showEnvVarsInLog = 0;
		};
/* End PBXShellScriptBuildPhase section */

/* Begin PBXSourcesBuildPhase section */
		420AE3D32069823400A24AD5 /* Sources */ = {
			isa = PBXSourcesBuildPhase;
			buildActionMask = 2147483647;
			files = (
				42F37B9D20CEB36700702B7D /* ScheduleViewController.swift in Sources */,
				425B77FC207CA6E90083D084 /* LoginViewController.swift in Sources */,
				42F37BA020CEB81400702B7D /* ScheduleTableViewCell.swift in Sources */,
				425B7818207CA83E0083D084 /* WebViewController.swift in Sources */,
				429AF9E4208B7379001A3217 /* AdminUser.swift in Sources */,
				425B7816207CA81E0083D084 /* NewsDetailViewController.swift in Sources */,
				425B7836207CACCB0083D084 /* User.swift in Sources */,
				429AF9D3208B3B8E001A3217 /* AdminViewController.swift in Sources */,
				42781711207F8C5400A5A528 /* Objects.swift in Sources */,
				425B782F207CABEC0083D084 /* Services.swift in Sources */,
				425B77FE207CA6F60083D084 /* ForgotPasswordViewController.swift in Sources */,
				423EDE0B2084E3DD00865F6D /* Leaderboard.swift in Sources */,
				4285EA952083233C005BE6C2 /* LoginNavigationController.swift in Sources */,
				425B7831207CABFC0083D084 /* AppDefaults.swift in Sources */,
				42C6F54520B3443700681A64 /* Reward.swift in Sources */,
				425B7814207CA7FC0083D084 /* CoinStashViewController.swift in Sources */,
				423EDE082084E02300865F6D /* LeaderboardTableViewCell.swift in Sources */,
				42B73F35207FFFC2003DCB05 /* TutorialView.swift in Sources */,
				42F946DA2083C22000643EFC /* PurchaseCoinsViewCell.swift in Sources */,
				42C86DEB208C79810096A3E6 /* IAPHelper.swift in Sources */,
				425B7812207CA7C40083D084 /* ChangePasswordViewController.swift in Sources */,
				429AF9DA208B3F64001A3217 /* AdminTableViewCell.swift in Sources */,
				425B783A207CBB000083D084 /* Country.swift in Sources */,
				425B780E207CA7A90083D084 /* NotificationsViewController.swift in Sources */,
				425B7844207CBB590083D084 /* Team.swift in Sources */,
				425B782D207CABE20083D084 /* Alamofire+Synchronous.swift in Sources */,
				4278170E207F73D500A5A528 /* EmptyView.swift in Sources */,
				42F8DE5D2080B7F0006B3323 /* RulesView.swift in Sources */,
				429AF9E6208BE14B001A3217 /* YoutubePlayerViewController.swift in Sources */,
				423EDE0E2085499000865F6D /* MyPredictionTableViewCell.swift in Sources */,
				420E117F208628C800E4642D /* CountryViewController.swift in Sources */,
				42419F602084AE6600A6F19D /* CountingProcess.swift in Sources */,
				425B7838207CBAF30083D084 /* Package.swift in Sources */,
				425B7808207CA7750083D084 /* NewsViewController.swift in Sources */,
				42F8DE5F2080D2C0006B3323 /* ExactScoreView.swift in Sources */,
				42F8DE592080B50D006B3323 /* Round.swift in Sources */,
				42F946D72083BB9D00643EFC /* PurchaseCoins.swift in Sources */,
				420AE3E32069823400A24AD5 /* footwin.xcdatamodeld in Sources */,
				425B7810207CA7B90083D084 /* EditProfileViewController.swift in Sources */,
				423CCFC5208A8852002E8115 /* Articles.swift in Sources */,
				4285EA9720832397005BE6C2 /* MainNavigationController.swift in Sources */,
				429AF9DE208B59F3001A3217 /* OptionViewController.swift in Sources */,
				42F8DE642080F1C3006B3323 /* NotificationsTableViewCell.swift in Sources */,
				42419F632084C92700A6F19D /* NewsTableViewCell.swift in Sources */,
				425B7833207CAC190083D084 /* Localization.swift in Sources */,
				423CCFC3208A87FC002E8115 /* ArticleSource.swift in Sources */,
				420E117820860F4800E4642D /* LoadingViewController.swift in Sources */,
				420AE3DD2069823400A24AD5 /* BaseViewController.swift in Sources */,
				425B7842207CBB490083D084 /* Prediction.swift in Sources */,
				425B780C207CA7950083D084 /* ProfileViewController.swift in Sources */,
				425B7800207CA7190083D084 /* SignupViewController.swift in Sources */,
				425B781A207CA84F0083D084 /* MyPredictionsViewController.swift in Sources */,
				425B782B207CABDA0083D084 /* Extensions.swift in Sources */,
				42B73F3A20800DFD003DCB05 /* PredictionTableViewCell.swift in Sources */,
				425B7806207CA7690083D084 /* PredictViewController.swift in Sources */,
				420E11822086293300E4642D /* CountryTableViewCell.swift in Sources */,
				425B780A207CA7880083D084 /* LeaderboardViewController.swift in Sources */,
				425B7840207CBB300083D084 /* Notification.swift in Sources */,
				425B783E207CBB1D0083D084 /* News.swift in Sources */,
				42C86DEE208CB4DD0096A3E6 /* CoinProducts.swift in Sources */,
				42700647207D69E20007793E /* TeamCollectionViewCell.swift in Sources */,
				4278170C207F73D500A5A528 /* AlertView.swift in Sources */,
				420AE3DB2069823400A24AD5 /* AppDelegate.swift in Sources */,
				429AF9E1208B5CFC001A3217 /* MatchTableViewCell.swift in Sources */,
				425B783C207CBB0B0083D084 /* Match.swift in Sources */,
				42B73F33207FFA9C003DCB05 /* HelperView.swift in Sources */,
			);
			runOnlyForDeploymentPostprocessing = 0;
		};
/* End PBXSourcesBuildPhase section */

/* Begin PBXVariantGroup section */
		420AE3DE2069823400A24AD5 /* Main.storyboard */ = {
			isa = PBXVariantGroup;
			children = (
				420AE3DF2069823400A24AD5 /* Base */,
			);
			name = Main.storyboard;
			sourceTree = "<group>";
		};
		420AE3E62069823400A24AD5 /* LaunchScreen.storyboard */ = {
			isa = PBXVariantGroup;
			children = (
				420AE3E72069823400A24AD5 /* Base */,
			);
			name = LaunchScreen.storyboard;
			sourceTree = "<group>";
		};
/* End PBXVariantGroup section */

/* Begin XCBuildConfiguration section */
		420AE3EA2069823400A24AD5 /* Debug */ = {
			isa = XCBuildConfiguration;
			buildSettings = {
				ALWAYS_SEARCH_USER_PATHS = NO;
				CLANG_ANALYZER_NONNULL = YES;
				CLANG_ANALYZER_NUMBER_OBJECT_CONVERSION = YES_AGGRESSIVE;
				CLANG_CXX_LANGUAGE_STANDARD = "gnu++14";
				CLANG_CXX_LIBRARY = "libc++";
				CLANG_ENABLE_MODULES = YES;
				CLANG_ENABLE_OBJC_ARC = YES;
				CLANG_WARN_BLOCK_CAPTURE_AUTORELEASING = YES;
				CLANG_WARN_BOOL_CONVERSION = YES;
				CLANG_WARN_COMMA = YES;
				CLANG_WARN_CONSTANT_CONVERSION = YES;
				CLANG_WARN_DIRECT_OBJC_ISA_USAGE = YES_ERROR;
				CLANG_WARN_DOCUMENTATION_COMMENTS = YES;
				CLANG_WARN_EMPTY_BODY = YES;
				CLANG_WARN_ENUM_CONVERSION = YES;
				CLANG_WARN_INFINITE_RECURSION = YES;
				CLANG_WARN_INT_CONVERSION = YES;
				CLANG_WARN_NON_LITERAL_NULL_CONVERSION = YES;
				CLANG_WARN_OBJC_LITERAL_CONVERSION = YES;
				CLANG_WARN_OBJC_ROOT_CLASS = YES_ERROR;
				CLANG_WARN_RANGE_LOOP_ANALYSIS = YES;
				CLANG_WARN_STRICT_PROTOTYPES = YES;
				CLANG_WARN_SUSPICIOUS_MOVE = YES;
				CLANG_WARN_UNGUARDED_AVAILABILITY = YES_AGGRESSIVE;
				CLANG_WARN_UNREACHABLE_CODE = YES;
				CLANG_WARN__DUPLICATE_METHOD_MATCH = YES;
				CODE_SIGN_IDENTITY = "iPhone Developer";
				COPY_PHASE_STRIP = NO;
				DEBUG_INFORMATION_FORMAT = dwarf;
				ENABLE_STRICT_OBJC_MSGSEND = YES;
				ENABLE_TESTABILITY = YES;
				GCC_C_LANGUAGE_STANDARD = gnu11;
				GCC_DYNAMIC_NO_PIC = NO;
				GCC_NO_COMMON_BLOCKS = YES;
				GCC_OPTIMIZATION_LEVEL = 0;
				GCC_PREPROCESSOR_DEFINITIONS = (
					"DEBUG=1",
					"$(inherited)",
				);
				GCC_WARN_64_TO_32_BIT_CONVERSION = YES;
				GCC_WARN_ABOUT_RETURN_TYPE = YES_ERROR;
				GCC_WARN_UNDECLARED_SELECTOR = YES;
				GCC_WARN_UNINITIALIZED_AUTOS = YES_AGGRESSIVE;
				GCC_WARN_UNUSED_FUNCTION = YES;
				GCC_WARN_UNUSED_VARIABLE = YES;
				IPHONEOS_DEPLOYMENT_TARGET = 11.1;
				MTL_ENABLE_DEBUG_INFO = YES;
				ONLY_ACTIVE_ARCH = YES;
				SDKROOT = iphoneos;
				SWIFT_ACTIVE_COMPILATION_CONDITIONS = DEBUG;
				SWIFT_OPTIMIZATION_LEVEL = "-Onone";
			};
			name = Debug;
		};
		420AE3EB2069823400A24AD5 /* Release */ = {
			isa = XCBuildConfiguration;
			buildSettings = {
				ALWAYS_SEARCH_USER_PATHS = NO;
				CLANG_ANALYZER_NONNULL = YES;
				CLANG_ANALYZER_NUMBER_OBJECT_CONVERSION = YES_AGGRESSIVE;
				CLANG_CXX_LANGUAGE_STANDARD = "gnu++14";
				CLANG_CXX_LIBRARY = "libc++";
				CLANG_ENABLE_MODULES = YES;
				CLANG_ENABLE_OBJC_ARC = YES;
				CLANG_WARN_BLOCK_CAPTURE_AUTORELEASING = YES;
				CLANG_WARN_BOOL_CONVERSION = YES;
				CLANG_WARN_COMMA = YES;
				CLANG_WARN_CONSTANT_CONVERSION = YES;
				CLANG_WARN_DIRECT_OBJC_ISA_USAGE = YES_ERROR;
				CLANG_WARN_DOCUMENTATION_COMMENTS = YES;
				CLANG_WARN_EMPTY_BODY = YES;
				CLANG_WARN_ENUM_CONVERSION = YES;
				CLANG_WARN_INFINITE_RECURSION = YES;
				CLANG_WARN_INT_CONVERSION = YES;
				CLANG_WARN_NON_LITERAL_NULL_CONVERSION = YES;
				CLANG_WARN_OBJC_LITERAL_CONVERSION = YES;
				CLANG_WARN_OBJC_ROOT_CLASS = YES_ERROR;
				CLANG_WARN_RANGE_LOOP_ANALYSIS = YES;
				CLANG_WARN_STRICT_PROTOTYPES = YES;
				CLANG_WARN_SUSPICIOUS_MOVE = YES;
				CLANG_WARN_UNGUARDED_AVAILABILITY = YES_AGGRESSIVE;
				CLANG_WARN_UNREACHABLE_CODE = YES;
				CLANG_WARN__DUPLICATE_METHOD_MATCH = YES;
				CODE_SIGN_IDENTITY = "iPhone Developer";
				COPY_PHASE_STRIP = NO;
				DEBUG_INFORMATION_FORMAT = "dwarf-with-dsym";
				ENABLE_NS_ASSERTIONS = NO;
				ENABLE_STRICT_OBJC_MSGSEND = YES;
				GCC_C_LANGUAGE_STANDARD = gnu11;
				GCC_NO_COMMON_BLOCKS = YES;
				GCC_WARN_64_TO_32_BIT_CONVERSION = YES;
				GCC_WARN_ABOUT_RETURN_TYPE = YES_ERROR;
				GCC_WARN_UNDECLARED_SELECTOR = YES;
				GCC_WARN_UNINITIALIZED_AUTOS = YES_AGGRESSIVE;
				GCC_WARN_UNUSED_FUNCTION = YES;
				GCC_WARN_UNUSED_VARIABLE = YES;
				IPHONEOS_DEPLOYMENT_TARGET = 11.1;
				MTL_ENABLE_DEBUG_INFO = NO;
				SDKROOT = iphoneos;
				SWIFT_OPTIMIZATION_LEVEL = "-Owholemodule";
				VALIDATE_PRODUCT = YES;
			};
			name = Release;
		};
		420AE3ED2069823400A24AD5 /* Debug */ = {
			isa = XCBuildConfiguration;
			baseConfigurationReference = 5C1796446543466432504A2F /* Pods-footwin.debug.xcconfig */;
			buildSettings = {
				ASSETCATALOG_COMPILER_APPICON_NAME = AppIcon;
				CODE_SIGN_ENTITLEMENTS = footwin/footwin.entitlements;
				CODE_SIGN_STYLE = Automatic;
				DEVELOPMENT_TEAM = 3KBRZU6ZDH;
				FRAMEWORK_SEARCH_PATHS = (
					"$(inherited)",
					"$(PROJECT_DIR)",
				);
				INFOPLIST_FILE = footwin/Info.plist;
				IPHONEOS_DEPLOYMENT_TARGET = 10.0;
				LD_RUNPATH_SEARCH_PATHS = "$(inherited) @executable_path/Frameworks";
				PRODUCT_BUNDLE_IDENTIFIER = "com.we-devapp.footwin";
				PRODUCT_NAME = "$(TARGET_NAME)";
				SWIFT_OBJC_BRIDGING_HEADER = "footwin/footwin-Bridging-Header.h";
				SWIFT_VERSION = 4.0;
				TARGETED_DEVICE_FAMILY = 1;
			};
			name = Debug;
		};
		420AE3EE2069823400A24AD5 /* Release */ = {
			isa = XCBuildConfiguration;
			baseConfigurationReference = CCFEDE0888A30A78659561D6 /* Pods-footwin.release.xcconfig */;
			buildSettings = {
				ASSETCATALOG_COMPILER_APPICON_NAME = AppIcon;
				CODE_SIGN_ENTITLEMENTS = footwin/footwin.entitlements;
				CODE_SIGN_STYLE = Automatic;
				DEVELOPMENT_TEAM = 3KBRZU6ZDH;
				FRAMEWORK_SEARCH_PATHS = (
					"$(inherited)",
					"$(PROJECT_DIR)",
				);
				INFOPLIST_FILE = footwin/Info.plist;
				IPHONEOS_DEPLOYMENT_TARGET = 10.0;
				LD_RUNPATH_SEARCH_PATHS = "$(inherited) @executable_path/Frameworks";
				PRODUCT_BUNDLE_IDENTIFIER = "com.we-devapp.footwin";
				PRODUCT_NAME = "$(TARGET_NAME)";
				SWIFT_OBJC_BRIDGING_HEADER = "footwin/footwin-Bridging-Header.h";
				SWIFT_VERSION = 4.0;
				TARGETED_DEVICE_FAMILY = 1;
			};
			name = Release;
		};
/* End XCBuildConfiguration section */

/* Begin XCConfigurationList section */
		420AE3D22069823400A24AD5 /* Build configuration list for PBXProject "footwin" */ = {
			isa = XCConfigurationList;
			buildConfigurations = (
				420AE3EA2069823400A24AD5 /* Debug */,
				420AE3EB2069823400A24AD5 /* Release */,
			);
			defaultConfigurationIsVisible = 0;
			defaultConfigurationName = Release;
		};
		420AE3EC2069823400A24AD5 /* Build configuration list for PBXNativeTarget "footwin" */ = {
			isa = XCConfigurationList;
			buildConfigurations = (
				420AE3ED2069823400A24AD5 /* Debug */,
				420AE3EE2069823400A24AD5 /* Release */,
			);
			defaultConfigurationIsVisible = 0;
			defaultConfigurationName = Release;
		};
/* End XCConfigurationList section */

/* Begin XCVersionGroup section */
		420AE3E12069823400A24AD5 /* footwin.xcdatamodeld */ = {
			isa = XCVersionGroup;
			children = (
				420AE3E22069823400A24AD5 /* footwin.xcdatamodel */,
			);
			currentVersion = 420AE3E22069823400A24AD5 /* footwin.xcdatamodel */;
			path = footwin.xcdatamodeld;
			sourceTree = "<group>";
			versionGroupType = wrapper.xcdatamodel;
		};
/* End XCVersionGroup section */
	};
	rootObject = 420AE3CF2069823400A24AD5 /* Project object */;
}
